// !$*UTF8*$!
{
	archiveVersion = 1;
	classes = {
	};
	objectVersion = 46;
	objects = {

/* Begin PBXBuildFile section */
		924E4F9A1EE93F35003E9B4D /* TextField+extension.swift in Sources */ = {isa = PBXBuildFile; fileRef = 924E4F991EE93F35003E9B4D /* TextField+extension.swift */; };
		924E4F9C1EE94211003E9B4D /* Button+extension.swift in Sources */ = {isa = PBXBuildFile; fileRef = 924E4F9B1EE94211003E9B4D /* Button+extension.swift */; };
		92D850731EE546C900A8A737 /* AppDelegate.swift in Sources */ = {isa = PBXBuildFile; fileRef = 92D850721EE546C900A8A737 /* AppDelegate.swift */; };
		92D850751EE546C900A8A737 /* ViewController.swift in Sources */ = {isa = PBXBuildFile; fileRef = 92D850741EE546C900A8A737 /* ViewController.swift */; };
		92D850781EE546C900A8A737 /* Main.storyboard in Resources */ = {isa = PBXBuildFile; fileRef = 92D850761EE546C900A8A737 /* Main.storyboard */; };
		92D8507A1EE546C900A8A737 /* Assets.xcassets in Resources */ = {isa = PBXBuildFile; fileRef = 92D850791EE546C900A8A737 /* Assets.xcassets */; };
		92D8507D1EE546C900A8A737 /* LaunchScreen.storyboard in Resources */ = {isa = PBXBuildFile; fileRef = 92D8507B1EE546C900A8A737 /* LaunchScreen.storyboard */; };
/* End PBXBuildFile section */

/* Begin PBXFileReference section */
		924E4F991EE93F35003E9B4D /* TextField+extension.swift */ = {isa = PBXFileReference; fileEncoding = 4; lastKnownFileType = sourcecode.swift; path = "TextField+extension.swift"; sourceTree = "<group>"; };
		924E4F9B1EE94211003E9B4D /* Button+extension.swift */ = {isa = PBXFileReference; fileEncoding = 4; lastKnownFileType = sourcecode.swift; path = "Button+extension.swift"; sourceTree = "<group>"; };
		92D8506F1EE546C900A8A737 /* 07--加法计算器.app */ = {isa = PBXFileReference; explicitFileType = wrapper.application; includeInIndex = 0; path = "07--加法计算器.app"; sourceTree = BUILT_PRODUCTS_DIR; };
		92D850721EE546C900A8A737 /* AppDelegate.swift */ = {isa = PBXFileReference; lastKnownFileType = sourcecode.swift; path = AppDelegate.swift; sourceTree = "<group>"; };
		92D850741EE546C900A8A737 /* ViewController.swift */ = {isa = PBXFileReference; lastKnownFileType = sourcecode.swift; path = ViewController.swift; sourceTree = "<group>"; };
		92D850771EE546C900A8A737 /* Base */ = {isa = PBXFileReference; lastKnownFileType = file.storyboard; name = Base; path = Base.lproj/Main.storyboard; sourceTree = "<group>"; };
		92D850791EE546C900A8A737 /* Assets.xcassets */ = {isa = PBXFileReference; lastKnownFileType = folder.assetcatalog; path = Assets.xcassets; sourceTree = "<group>"; };
		92D8507C1EE546C900A8A737 /* Base */ = {isa = PBXFileReference; lastKnownFileType = file.storyboard; name = Base; path = Base.lproj/LaunchScreen.storyboard; sourceTree = "<group>"; };
		92D8507E1EE546C900A8A737 /* Info.plist */ = {isa = PBXFileReference; lastKnownFileType = text.plist.xml; path = Info.plist; sourceTree = "<group>"; };
/* End PBXFileReference section */

/* Begin PBXFrameworksBuildPhase section */
		92D8506C1EE546C900A8A737 /* Frameworks */ = {
			isa = PBXFrameworksBuildPhase;
			buildActionMask = 2147483647;
			files = (
			);
			runOnlyForDeploymentPostprocessing = 0;
		};
/* End PBXFrameworksBuildPhase section */

/* Begin PBXGroup section */
		92D850661EE546C900A8A737 = {
			isa = PBXGroup;
			children = (
				92D850711EE546C900A8A737 /* 07--加法计算器 */,
				92D850701EE546C900A8A737 /* Products */,
			);
			sourceTree = "<group>";
		};
		92D850701EE546C900A8A737 /* Products */ = {
			isa = PBXGroup;
			children = (
				92D8506F1EE546C900A8A737 /* 07--加法计算器.app */,
			);
			name = Products;
			sourceTree = "<group>";
		};
		92D850711EE546C900A8A737 /* 07--加法计算器 */ = {
			isa = PBXGroup;
			children = (
				92D850721EE546C900A8A737 /* AppDelegate.swift */,
				92D850741EE546C900A8A737 /* ViewController.swift */,
				924E4F991EE93F35003E9B4D /* TextField+extension.swift */,
				924E4F9B1EE94211003E9B4D /* Button+extension.swift */,
				92D850761EE546C900A8A737 /* Main.storyboard */,
				92D850791EE546C900A8A737 /* Assets.xcassets */,
				92D8507B1EE546C900A8A737 /* LaunchScreen.storyboard */,
				92D8507E1EE546C900A8A737 /* Info.plist */,
			);
			path = "07--加法计算器";
			sourceTree = "<group>";
		};
/* End PBXGroup section */

/* Begin PBXNativeTarget section */
		92D8506E1EE546C900A8A737 /* 07--加法计算器 */ = {
			isa = PBXNativeTarget;
			buildConfigurationList = 92D850811EE546C900A8A737 /* Build configuration list for PBXNativeTarget "07--加法计算器" */;
			buildPhases = (
				92D8506B1EE546C900A8A737 /* Sources */,
				92D8506C1EE546C900A8A737 /* Frameworks */,
				92D8506D1EE546C900A8A737 /* Resources */,
			);
			buildRules = (
			);
			dependencies = (
			);
			name = "07--加法计算器";
			productName = "07--加法计算器";
			productReference = 92D8506F1EE546C900A8A737 /* 07--加法计算器.app */;
			productType = "com.apple.product-type.application";
		};
/* End PBXNativeTarget section */

/* Begin PBXProject section */
		92D850671EE546C900A8A737 /* Project object */ = {
			isa = PBXProject;
			attributes = {
				LastSwiftUpdateCheck = 0820;
				LastUpgradeCheck = 0820;
				ORGANIZATIONNAME = dou;
				TargetAttributes = {
					92D8506E1EE546C900A8A737 = {
						CreatedOnToolsVersion = 8.2.1;
						ProvisioningStyle = Automatic;
					};
				};
			};
			buildConfigurationList = 92D8506A1EE546C900A8A737 /* Build configuration list for PBXProject "07--加法计算器" */;
			compatibilityVersion = "Xcode 3.2";
			developmentRegion = English;
			hasScannedForEncodings = 0;
			knownRegions = (
				en,
				Base,
			);
			mainGroup = 92D850661EE546C900A8A737;
			productRefGroup = 92D850701EE546C900A8A737 /* Products */;
			projectDirPath = "";
			projectRoot = "";
			targets = (
				92D8506E1EE546C900A8A737 /* 07--加法计算器 */,
			);
		};
/* End PBXProject section */

/* Begin PBXResourcesBuildPhase section */
		92D8506D1EE546C900A8A737 /* Resources */ = {
			isa = PBXResourcesBuildPhase;
			buildActionMask = 2147483647;
			files = (
				92D8507D1EE546C900A8A737 /* LaunchScreen.storyboard in Resources */,
				92D8507A1EE546C900A8A737 /* Assets.xcassets in Resources */,
				92D850781EE546C900A8A737 /* Main.storyboard in Resources */,
			);
			runOnlyForDeploymentPostprocessing = 0;
		};
/* End PBXResourcesBuildPhase section */

/* Begin PBXSourcesBuildPhase section */
		92D8506B1EE546C900A8A737 /* Sources */ = {
			isa = PBXSourcesBuildPhase;
			buildActionMask = 2147483647;
			files = (
				92D850751EE546C900A8A737 /* ViewController.swift in Sources */,
				924E4F9C1EE94211003E9B4D /* Button+extension.swift in Sources */,
				92D850731EE546C900A8A737 /* AppDelegate.swift in Sources */,
				924E4F9A1EE93F35003E9B4D /* TextField+extension.swift in Sources */,
			);
			runOnlyForDeploymentPostprocessing = 0;
		};
/* End PBXSourcesBuildPhase section */

/* Begin PBXVariantGroup section */
		92D850761EE546C900A8A737 /* Main.storyboard */ = {
			isa = PBXVariantGroup;
			children = (
				92D850771EE546C900A8A737 /* Base */,
			);
			name = Main.storyboard;
			sourceTree = "<group>";
		};
		92D8507B1EE546C900A8A737 /* LaunchScreen.storyboard */ = {
			isa = PBXVariantGroup;
			children = (
				92D8507C1EE546C900A8A737 /* Base */,
			);
			name = LaunchScreen.storyboard;
			sourceTree = "<group>";
		};
/* End PBXVariantGroup section */

/* Begin XCBuildConfiguration section */
		92D8507F1EE546C900A8A737 /* Debug */ = {
			isa = XCBuildConfiguration;
			buildSettings = {
				ALWAYS_SEARCH_USER_PATHS = NO;
				CLANG_ANALYZER_NONNULL = YES;
				CLANG_CXX_LANGUAGE_STANDARD = "gnu++0x";
				CLANG_CXX_LIBRARY = "libc++";
				CLANG_ENABLE_MODULES = YES;
				CLANG_ENABLE_OBJC_ARC = YES;
				CLANG_WARN_BOOL_CONVERSION = YES;
				CLANG_WARN_CONSTANT_CONVERSION = YES;
				CLANG_WARN_DIRECT_OBJC_ISA_USAGE = YES_ERROR;
				CLANG_WARN_DOCUMENTATION_COMMENTS = YES;
				CLANG_WARN_EMPTY_BODY = YES;
				CLANG_WARN_ENUM_CONVERSION = YES;
				CLANG_WARN_INFINITE_RECURSION = YES;
				CLANG_WARN_INT_CONVERSION = YES;
				CLANG_WARN_OBJC_ROOT_CLASS = YES_ERROR;
				CLANG_WARN_SUSPICIOUS_MOVE = YES;
				CLANG_WARN_UNREACHABLE_CODE = YES;
				CLANG_WARN__DUPLICATE_METHOD_MATCH = YES;
				"CODE_SIGN_IDENTITY[sdk=iphoneos*]" = "iPhone Developer";
				COPY_PHASE_STRIP = NO;
				DEBUG_INFORMATION_FORMAT = dwarf;
				ENABLE_STRICT_OBJC_MSGSEND = YES;
				ENABLE_TESTABILITY = YES;
				GCC_C_LANGUAGE_STANDARD = gnu99;
				GCC_DYNAMIC_NO_PIC = NO;
				GCC_NO_COMMON_BLOCKS = YES;
				GCC_OPTIMIZATION_LEVEL = 0;
				GCC_PREPROCESSOR_DEFINITIONS = (
					"DEBUG=1",
					"$(inherited)",
				);
				GCC_WARN_64_TO_32_BIT_CONVERSION = YES;
				GCC_WARN_ABOUT_RETURN_TYPE = YES_ERROR;
				GCC_WARN_UNDECLARED_SELECTOR = YES;
				GCC_WARN_UNINITIALIZED_AUTOS = YES_AGGRESSIVE;
				GCC_WARN_UNUSED_FUNCTION = YES;
				GCC_WARN_UNUSED_VARIABLE = YES;
				IPHONEOS_DEPLOYMENT_TARGET = 10.2;
				MTL_ENABLE_DEBUG_INFO = YES;
				ONLY_ACTIVE_ARCH = YES;
				SDKROOT = iphoneos;
				SWIFT_ACTIVE_COMPILATION_CONDITIONS = DEBUG;
				SWIFT_OPTIMIZATION_LEVEL = "-Onone";
				TARGETED_DEVICE_FAMILY = "1,2";
			};
			name = Debug;
		};
		92D850801EE546C900A8A737 /* Release */ = {
			isa = XCBuildConfiguration;
			buildSettings = {
				ALWAYS_SEARCH_USER_PATHS = NO;
				CLANG_ANALYZER_NONNULL = YES;
				CLANG_CXX_LANGUAGE_STANDARD = "gnu++0x";
				CLANG_CXX_LIBRARY = "libc++";
				CLANG_ENABLE_MODULES = YES;
				CLANG_ENABLE_OBJC_ARC = YES;
				CLANG_WARN_BOOL_CONVERSION = YES;
				CLANG_WARN_CONSTANT_CONVERSION = YES;
				CLANG_WARN_DIRECT_OBJC_ISA_USAGE = YES_ERROR;
				CLANG_WARN_DOCUMENTATION_COMMENTS = YES;
				CLANG_WARN_EMPTY_BODY = YES;
				CLANG_WARN_ENUM_CONVERSION = YES;
				CLANG_WARN_INFINITE_RECURSION = YES;
				CLANG_WARN_INT_CONVERSION = YES;
				CLANG_WARN_OBJC_ROOT_CLASS = YES_ERROR;
				CLANG_WARN_SUSPICIOUS_MOVE = YES;
				CLANG_WARN_UNREACHABLE_CODE = YES;
				CLANG_WARN__DUPLICATE_METHOD_MATCH = YES;
				"CODE_SIGN_IDENTITY[sdk=iphoneos*]" = "iPhone Developer";
				COPY_PHASE_STRIP = NO;
				DEBUG_INFORMATION_FORMAT = "dwarf-with-dsym";
				ENABLE_NS_ASSERTIONS = NO;
				ENABLE_STRICT_OBJC_MSGSEND = YES;
				GCC_C_LANGUAGE_STANDARD = gnu99;
				GCC_NO_COMMON_BLOCKS = YES;
				GCC_WARN_64_TO_32_BIT_CONVERSION = YES;
				GCC_WARN_ABOUT_RETURN_TYPE = YES_ERROR;
				GCC_WARN_UNDECLARED_SELECTOR = YES;
				GCC_WARN_UNINITIALIZED_AUTOS = YES_AGGRESSIVE;
				GCC_WARN_UNUSED_FUNCTION = YES;
				GCC_WARN_UNUSED_VARIABLE = YES;
				IPHONEOS_DEPLOYMENT_TARGET = 10.2;
				MTL_ENABLE_DEBUG_INFO = NO;
				SDKROOT = iphoneos;
				SWIFT_OPTIMIZATION_LEVEL = "-Owholemodule";
				TARGETED_DEVICE_FAMILY = "1,2";
				VALIDATE_PRODUCT = YES;
			};
			name = Release;
		};
		92D850821EE546C900A8A737 /* Debug */ = {
			isa = XCBuildConfiguration;
			buildSettings = {
				ASSETCATALOG_COMPILER_APPICON_NAME = AppIcon;
				INFOPLIST_FILE = "07--加法计算器/Info.plist";
				LD_RUNPATH_SEARCH_PATHS = "$(inherited) @executable_path/Frameworks";
				PRODUCT_BUNDLE_IDENTIFIER = "com.cmcc.-7-------";
				PRODUCT_NAME = "$(TARGET_NAME)";
				SWIFT_VERSION = 3.0;
			};
			name = Debug;
		};
		92D850831EE546C900A8A737 /* Release */ = {
			isa = XCBuildConfiguration;
			buildSettings = {
				ASSETCATALOG_COMPILER_APPICON_NAME = AppIcon;
				INFOPLIST_FILE = "07--加法计算器/Info.plist";
				LD_RUNPATH_SEARCH_PATHS = "$(inherited) @executable_path/Frameworks";
				PRODUCT_BUNDLE_IDENTIFIER = "com.cmcc.-7-------";
				PRODUCT_NAME = "$(TARGET_NAME)";
				SWIFT_VERSION = 3.0;
			};
			name = Release;
		};
/* End XCBuildConfiguration section */

/* Begin XCConfigurationList section */
		92D8506A1EE546C900A8A737 /* Build configuration list for PBXProject "07--加法计算器" */ = {
			isa = XCConfigurationList;
			buildConfigurations = (
				92D8507F1EE546C900A8A737 /* Debug */,
				92D850801EE546C900A8A737 /* Release */,
			);
			defaultConfigurationIsVisible = 0;
			defaultConfigurationName = Release;
		};
		92D850811EE546C900A8A737 /* Build configuration list for PBXNativeTarget "07--加法计算器" */ = {
			isa = XCConfigurationList;
			buildConfigurations = (
				92D850821EE546C900A8A737 /* Debug */,
				92D850831EE546C900A8A737 /* Release */,
			);
			defaultConfigurationIsVisible = 0;
			defaultConfigurationName = Release;
		};
/* End XCConfigurationList section */
	};
	rootObject = 92D850671EE546C900A8A737 /* Project object */;
}
