// !$*UTF8*$!
{
	archiveVersion = 1;
	classes = {
	};
	objectVersion = 46;
	objects = {

/* Begin PBXBuildFile section */
		924E4F661EE8DE3C003E9B4D /* AppDelegate.swift in Sources */ = {isa = PBXBuildFile; fileRef = 924E4F651EE8DE3C003E9B4D /* AppDelegate.swift */; };
		924E4F681EE8DE3C003E9B4D /* ViewController.swift in Sources */ = {isa = PBXBuildFile; fileRef = 924E4F671EE8DE3C003E9B4D /* ViewController.swift */; };
		924E4F6B1EE8DE3C003E9B4D /* Main.storyboard in Resources */ = {isa = PBXBuildFile; fileRef = 924E4F691EE8DE3C003E9B4D /* Main.storyboard */; };
		924E4F6D1EE8DE3C003E9B4D /* Assets.xcassets in Resources */ = {isa = PBXBuildFile; fileRef = 924E4F6C1EE8DE3C003E9B4D /* Assets.xcassets */; };
		924E4F701EE8DE3C003E9B4D /* LaunchScreen.storyboard in Resources */ = {isa = PBXBuildFile; fileRef = 924E4F6E1EE8DE3C003E9B4D /* LaunchScreen.storyboard */; };
		924E4F781EE8DE59003E9B4D /* Person.swift in Sources */ = {isa = PBXBuildFile; fileRef = 924E4F771EE8DE59003E9B4D /* Person.swift */; };
/* End PBXBuildFile section */

/* Begin PBXFileReference section */
		924E4F621EE8DE3C003E9B4D /* 11--运行时加载属性.app */ = {isa = PBXFileReference; explicitFileType = wrapper.application; includeInIndex = 0; path = "11--运行时加载属性.app"; sourceTree = BUILT_PRODUCTS_DIR; };
		924E4F651EE8DE3C003E9B4D /* AppDelegate.swift */ = {isa = PBXFileReference; lastKnownFileType = sourcecode.swift; path = AppDelegate.swift; sourceTree = "<group>"; };
		924E4F671EE8DE3C003E9B4D /* ViewController.swift */ = {isa = PBXFileReference; lastKnownFileType = sourcecode.swift; path = ViewController.swift; sourceTree = "<group>"; };
		924E4F6A1EE8DE3C003E9B4D /* Base */ = {isa = PBXFileReference; lastKnownFileType = file.storyboard; name = Base; path = Base.lproj/Main.storyboard; sourceTree = "<group>"; };
		924E4F6C1EE8DE3C003E9B4D /* Assets.xcassets */ = {isa = PBXFileReference; lastKnownFileType = folder.assetcatalog; path = Assets.xcassets; sourceTree = "<group>"; };
		924E4F6F1EE8DE3C003E9B4D /* Base */ = {isa = PBXFileReference; lastKnownFileType = file.storyboard; name = Base; path = Base.lproj/LaunchScreen.storyboard; sourceTree = "<group>"; };
		924E4F711EE8DE3C003E9B4D /* Info.plist */ = {isa = PBXFileReference; lastKnownFileType = text.plist.xml; path = Info.plist; sourceTree = "<group>"; };
		924E4F771EE8DE59003E9B4D /* Person.swift */ = {isa = PBXFileReference; fileEncoding = 4; lastKnownFileType = sourcecode.swift; path = Person.swift; sourceTree = "<group>"; };
/* End PBXFileReference section */

/* Begin PBXFrameworksBuildPhase section */
		924E4F5F1EE8DE3C003E9B4D /* Frameworks */ = {
			isa = PBXFrameworksBuildPhase;
			buildActionMask = 2147483647;
			files = (
			);
			runOnlyForDeploymentPostprocessing = 0;
		};
/* End PBXFrameworksBuildPhase section */

/* Begin PBXGroup section */
		924E4F591EE8DE3C003E9B4D = {
			isa = PBXGroup;
			children = (
				924E4F641EE8DE3C003E9B4D /* 11--运行时加载属性 */,
				924E4F631EE8DE3C003E9B4D /* Products */,
			);
			sourceTree = "<group>";
		};
		924E4F631EE8DE3C003E9B4D /* Products */ = {
			isa = PBXGroup;
			children = (
				924E4F621EE8DE3C003E9B4D /* 11--运行时加载属性.app */,
			);
			name = Products;
			sourceTree = "<group>";
		};
		924E4F641EE8DE3C003E9B4D /* 11--运行时加载属性 */ = {
			isa = PBXGroup;
			children = (
				924E4F651EE8DE3C003E9B4D /* AppDelegate.swift */,
				924E4F671EE8DE3C003E9B4D /* ViewController.swift */,
				924E4F771EE8DE59003E9B4D /* Person.swift */,
				924E4F691EE8DE3C003E9B4D /* Main.storyboard */,
				924E4F6C1EE8DE3C003E9B4D /* Assets.xcassets */,
				924E4F6E1EE8DE3C003E9B4D /* LaunchScreen.storyboard */,
				924E4F711EE8DE3C003E9B4D /* Info.plist */,
			);
			path = "11--运行时加载属性";
			sourceTree = "<group>";
		};
/* End PBXGroup section */

/* Begin PBXNativeTarget section */
		924E4F611EE8DE3C003E9B4D /* 11--运行时加载属性 */ = {
			isa = PBXNativeTarget;
			buildConfigurationList = 924E4F741EE8DE3C003E9B4D /* Build configuration list for PBXNativeTarget "11--运行时加载属性" */;
			buildPhases = (
				924E4F5E1EE8DE3C003E9B4D /* Sources */,
				924E4F5F1EE8DE3C003E9B4D /* Frameworks */,
				924E4F601EE8DE3C003E9B4D /* Resources */,
			);
			buildRules = (
			);
			dependencies = (
			);
			name = "11--运行时加载属性";
			productName = "11--运行时加载属性";
			productReference = 924E4F621EE8DE3C003E9B4D /* 11--运行时加载属性.app */;
			productType = "com.apple.product-type.application";
		};
/* End PBXNativeTarget section */

/* Begin PBXProject section */
		924E4F5A1EE8DE3C003E9B4D /* Project object */ = {
			isa = PBXProject;
			attributes = {
				LastSwiftUpdateCheck = 0820;
				LastUpgradeCheck = 0820;
				ORGANIZATIONNAME = dou;
				TargetAttributes = {
					924E4F611EE8DE3C003E9B4D = {
						CreatedOnToolsVersion = 8.2.1;
						ProvisioningStyle = Automatic;
					};
				};
			};
			buildConfigurationList = 924E4F5D1EE8DE3C003E9B4D /* Build configuration list for PBXProject "11--运行时加载属性" */;
			compatibilityVersion = "Xcode 3.2";
			developmentRegion = English;
			hasScannedForEncodings = 0;
			knownRegions = (
				en,
				Base,
			);
			mainGroup = 924E4F591EE8DE3C003E9B4D;
			productRefGroup = 924E4F631EE8DE3C003E9B4D /* Products */;
			projectDirPath = "";
			projectRoot = "";
			targets = (
				924E4F611EE8DE3C003E9B4D /* 11--运行时加载属性 */,
			);
		};
/* End PBXProject section */

/* Begin PBXResourcesBuildPhase section */
		924E4F601EE8DE3C003E9B4D /* Resources */ = {
			isa = PBXResourcesBuildPhase;
			buildActionMask = 2147483647;
			files = (
				924E4F701EE8DE3C003E9B4D /* LaunchScreen.storyboard in Resources */,
				924E4F6D1EE8DE3C003E9B4D /* Assets.xcassets in Resources */,
				924E4F6B1EE8DE3C003E9B4D /* Main.storyboard in Resources */,
			);
			runOnlyForDeploymentPostprocessing = 0;
		};
/* End PBXResourcesBuildPhase section */

/* Begin PBXSourcesBuildPhase section */
		924E4F5E1EE8DE3C003E9B4D /* Sources */ = {
			isa = PBXSourcesBuildPhase;
			buildActionMask = 2147483647;
			files = (
				924E4F781EE8DE59003E9B4D /* Person.swift in Sources */,
				924E4F681EE8DE3C003E9B4D /* ViewController.swift in Sources */,
				924E4F661EE8DE3C003E9B4D /* AppDelegate.swift in Sources */,
			);
			runOnlyForDeploymentPostprocessing = 0;
		};
/* End PBXSourcesBuildPhase section */

/* Begin PBXVariantGroup section */
		924E4F691EE8DE3C003E9B4D /* Main.storyboard */ = {
			isa = PBXVariantGroup;
			children = (
				924E4F6A1EE8DE3C003E9B4D /* Base */,
			);
			name = Main.storyboard;
			sourceTree = "<group>";
		};
		924E4F6E1EE8DE3C003E9B4D /* LaunchScreen.storyboard */ = {
			isa = PBXVariantGroup;
			children = (
				924E4F6F1EE8DE3C003E9B4D /* Base */,
			);
			name = LaunchScreen.storyboard;
			sourceTree = "<group>";
		};
/* End PBXVariantGroup section */

/* Begin XCBuildConfiguration section */
		924E4F721EE8DE3C003E9B4D /* Debug */ = {
			isa = XCBuildConfiguration;
			buildSettings = {
				ALWAYS_SEARCH_USER_PATHS = NO;
				CLANG_ANALYZER_NONNULL = YES;
				CLANG_CXX_LANGUAGE_STANDARD = "gnu++0x";
				CLANG_CXX_LIBRARY = "libc++";
				CLANG_ENABLE_MODULES = YES;
				CLANG_ENABLE_OBJC_ARC = YES;
				CLANG_WARN_BOOL_CONVERSION = YES;
				CLANG_WARN_CONSTANT_CONVERSION = YES;
				CLANG_WARN_DIRECT_OBJC_ISA_USAGE = YES_ERROR;
				CLANG_WARN_DOCUMENTATION_COMMENTS = YES;
				CLANG_WARN_EMPTY_BODY = YES;
				CLANG_WARN_ENUM_CONVERSION = YES;
				CLANG_WARN_INFINITE_RECURSION = YES;
				CLANG_WARN_INT_CONVERSION = YES;
				CLANG_WARN_OBJC_ROOT_CLASS = YES_ERROR;
				CLANG_WARN_SUSPICIOUS_MOVE = YES;
				CLANG_WARN_UNREACHABLE_CODE = YES;
				CLANG_WARN__DUPLICATE_METHOD_MATCH = YES;
				"CODE_SIGN_IDENTITY[sdk=iphoneos*]" = "iPhone Developer";
				COPY_PHASE_STRIP = NO;
				DEBUG_INFORMATION_FORMAT = dwarf;
				ENABLE_STRICT_OBJC_MSGSEND = YES;
				ENABLE_TESTABILITY = YES;
				GCC_C_LANGUAGE_STANDARD = gnu99;
				GCC_DYNAMIC_NO_PIC = NO;
				GCC_NO_COMMON_BLOCKS = YES;
				GCC_OPTIMIZATION_LEVEL = 0;
				GCC_PREPROCESSOR_DEFINITIONS = (
					"DEBUG=1",
					"$(inherited)",
				);
				GCC_WARN_64_TO_32_BIT_CONVERSION = YES;
				GCC_WARN_ABOUT_RETURN_TYPE = YES_ERROR;
				GCC_WARN_UNDECLARED_SELECTOR = YES;
				GCC_WARN_UNINITIALIZED_AUTOS = YES_AGGRESSIVE;
				GCC_WARN_UNUSED_FUNCTION = YES;
				GCC_WARN_UNUSED_VARIABLE = YES;
				IPHONEOS_DEPLOYMENT_TARGET = 10.2;
				MTL_ENABLE_DEBUG_INFO = YES;
				ONLY_ACTIVE_ARCH = YES;
				SDKROOT = iphoneos;
				SWIFT_ACTIVE_COMPILATION_CONDITIONS = DEBUG;
				SWIFT_OPTIMIZATION_LEVEL = "-Onone";
				TARGETED_DEVICE_FAMILY = "1,2";
			};
			name = Debug;
		};
		924E4F731EE8DE3C003E9B4D /* Release */ = {
			isa = XCBuildConfiguration;
			buildSettings = {
				ALWAYS_SEARCH_USER_PATHS = NO;
				CLANG_ANALYZER_NONNULL = YES;
				CLANG_CXX_LANGUAGE_STANDARD = "gnu++0x";
				CLANG_CXX_LIBRARY = "libc++";
				CLANG_ENABLE_MODULES = YES;
				CLANG_ENABLE_OBJC_ARC = YES;
				CLANG_WARN_BOOL_CONVERSION = YES;
				CLANG_WARN_CONSTANT_CONVERSION = YES;
				CLANG_WARN_DIRECT_OBJC_ISA_USAGE = YES_ERROR;
				CLANG_WARN_DOCUMENTATION_COMMENTS = YES;
				CLANG_WARN_EMPTY_BODY = YES;
				CLANG_WARN_ENUM_CONVERSION = YES;
				CLANG_WARN_INFINITE_RECURSION = YES;
				CLANG_WARN_INT_CONVERSION = YES;
				CLANG_WARN_OBJC_ROOT_CLASS = YES_ERROR;
				CLANG_WARN_SUSPICIOUS_MOVE = YES;
				CLANG_WARN_UNREACHABLE_CODE = YES;
				CLANG_WARN__DUPLICATE_METHOD_MATCH = YES;
				"CODE_SIGN_IDENTITY[sdk=iphoneos*]" = "iPhone Developer";
				COPY_PHASE_STRIP = NO;
				DEBUG_INFORMATION_FORMAT = "dwarf-with-dsym";
				ENABLE_NS_ASSERTIONS = NO;
				ENABLE_STRICT_OBJC_MSGSEND = YES;
				GCC_C_LANGUAGE_STANDARD = gnu99;
				GCC_NO_COMMON_BLOCKS = YES;
				GCC_WARN_64_TO_32_BIT_CONVERSION = YES;
				GCC_WARN_ABOUT_RETURN_TYPE = YES_ERROR;
				GCC_WARN_UNDECLARED_SELECTOR = YES;
				GCC_WARN_UNINITIALIZED_AUTOS = YES_AGGRESSIVE;
				GCC_WARN_UNUSED_FUNCTION = YES;
				GCC_WARN_UNUSED_VARIABLE = YES;
				IPHONEOS_DEPLOYMENT_TARGET = 10.2;
				MTL_ENABLE_DEBUG_INFO = NO;
				SDKROOT = iphoneos;
				SWIFT_OPTIMIZATION_LEVEL = "-Owholemodule";
				TARGETED_DEVICE_FAMILY = "1,2";
				VALIDATE_PRODUCT = YES;
			};
			name = Release;
		};
		924E4F751EE8DE3C003E9B4D /* Debug */ = {
			isa = XCBuildConfiguration;
			buildSettings = {
				ASSETCATALOG_COMPILER_APPICON_NAME = AppIcon;
				INFOPLIST_FILE = "11--运行时加载属性/Info.plist";
				LD_RUNPATH_SEARCH_PATHS = "$(inherited) @executable_path/Frameworks";
				PRODUCT_BUNDLE_IDENTIFIER = "com.cmcc.-1---------";
				PRODUCT_NAME = "$(TARGET_NAME)";
				SWIFT_VERSION = 3.0;
			};
			name = Debug;
		};
		924E4F761EE8DE3C003E9B4D /* Release */ = {
			isa = XCBuildConfiguration;
			buildSettings = {
				ASSETCATALOG_COMPILER_APPICON_NAME = AppIcon;
				INFOPLIST_FILE = "11--运行时加载属性/Info.plist";
				LD_RUNPATH_SEARCH_PATHS = "$(inherited) @executable_path/Frameworks";
				PRODUCT_BUNDLE_IDENTIFIER = "com.cmcc.-1---------";
				PRODUCT_NAME = "$(TARGET_NAME)";
				SWIFT_VERSION = 3.0;
			};
			name = Release;
		};
/* End XCBuildConfiguration section */

/* Begin XCConfigurationList section */
		924E4F5D1EE8DE3C003E9B4D /* Build configuration list for PBXProject "11--运行时加载属性" */ = {
			isa = XCConfigurationList;
			buildConfigurations = (
				924E4F721EE8DE3C003E9B4D /* Debug */,
				924E4F731EE8DE3C003E9B4D /* Release */,
			);
			defaultConfigurationIsVisible = 0;
			defaultConfigurationName = Release;
		};
		924E4F741EE8DE3C003E9B4D /* Build configuration list for PBXNativeTarget "11--运行时加载属性" */ = {
			isa = XCConfigurationList;
			buildConfigurations = (
				924E4F751EE8DE3C003E9B4D /* Debug */,
				924E4F761EE8DE3C003E9B4D /* Release */,
			);
			defaultConfigurationIsVisible = 0;
		};
/* End XCConfigurationList section */
	};
	rootObject = 924E4F5A1EE8DE3C003E9B4D /* Project object */;
}
