// !$*UTF8*$!
{
	archiveVersion = 1;
	classes = {
	};
	objectVersion = 46;
	objects = {

/* Begin PBXBuildFile section */
		9233D3471EEE83B600D771F9 /* AppDelegate.swift in Sources */ = {isa = PBXBuildFile; fileRef = 9233D3461EEE83B600D771F9 /* AppDelegate.swift */; };
		9233D34C1EEE83B600D771F9 /* Main.storyboard in Resources */ = {isa = PBXBuildFile; fileRef = 9233D34A1EEE83B600D771F9 /* Main.storyboard */; };
		9233D34E1EEE83B600D771F9 /* Assets.xcassets in Resources */ = {isa = PBXBuildFile; fileRef = 9233D34D1EEE83B600D771F9 /* Assets.xcassets */; };
		9233D3511EEE83B600D771F9 /* LaunchScreen.storyboard in Resources */ = {isa = PBXBuildFile; fileRef = 9233D34F1EEE83B600D771F9 /* LaunchScreen.storyboard */; };
		9233D35A1EEE891500D771F9 /* ListTableViewController.swift in Sources */ = {isa = PBXBuildFile; fileRef = 9233D3591EEE891500D771F9 /* ListTableViewController.swift */; };
		92675FD81EEE8C2E002BE435 /* DetailTableViewController.swift in Sources */ = {isa = PBXBuildFile; fileRef = 92675FD71EEE8C2E002BE435 /* DetailTableViewController.swift */; };
		92DD77701EEE94790020A8F9 /* Person.swift in Sources */ = {isa = PBXBuildFile; fileRef = 92DD776F1EEE94790020A8F9 /* Person.swift */; };
/* End PBXBuildFile section */

/* Begin PBXFileReference section */
		9233D3431EEE83B600D771F9 /* 14--私人通讯录.app */ = {isa = PBXFileReference; explicitFileType = wrapper.application; includeInIndex = 0; path = "14--私人通讯录.app"; sourceTree = BUILT_PRODUCTS_DIR; };
		9233D3461EEE83B600D771F9 /* AppDelegate.swift */ = {isa = PBXFileReference; lastKnownFileType = sourcecode.swift; path = AppDelegate.swift; sourceTree = "<group>"; };
		9233D34B1EEE83B600D771F9 /* Base */ = {isa = PBXFileReference; lastKnownFileType = file.storyboard; name = Base; path = Base.lproj/Main.storyboard; sourceTree = "<group>"; };
		9233D34D1EEE83B600D771F9 /* Assets.xcassets */ = {isa = PBXFileReference; lastKnownFileType = folder.assetcatalog; path = Assets.xcassets; sourceTree = "<group>"; };
		9233D3501EEE83B600D771F9 /* Base */ = {isa = PBXFileReference; lastKnownFileType = file.storyboard; name = Base; path = Base.lproj/LaunchScreen.storyboard; sourceTree = "<group>"; };
		9233D3521EEE83B600D771F9 /* Info.plist */ = {isa = PBXFileReference; lastKnownFileType = text.plist.xml; path = Info.plist; sourceTree = "<group>"; };
		9233D3591EEE891500D771F9 /* ListTableViewController.swift */ = {isa = PBXFileReference; fileEncoding = 4; lastKnownFileType = sourcecode.swift; path = ListTableViewController.swift; sourceTree = "<group>"; };
		92675FD71EEE8C2E002BE435 /* DetailTableViewController.swift */ = {isa = PBXFileReference; fileEncoding = 4; lastKnownFileType = sourcecode.swift; path = DetailTableViewController.swift; sourceTree = "<group>"; };
		92DD776F1EEE94790020A8F9 /* Person.swift */ = {isa = PBXFileReference; fileEncoding = 4; lastKnownFileType = sourcecode.swift; path = Person.swift; sourceTree = "<group>"; };
/* End PBXFileReference section */

/* Begin PBXFrameworksBuildPhase section */
		9233D3401EEE83B600D771F9 /* Frameworks */ = {
			isa = PBXFrameworksBuildPhase;
			buildActionMask = 2147483647;
			files = (
			);
			runOnlyForDeploymentPostprocessing = 0;
		};
/* End PBXFrameworksBuildPhase section */

/* Begin PBXGroup section */
		9233D33A1EEE83B600D771F9 = {
			isa = PBXGroup;
			children = (
				9233D3451EEE83B600D771F9 /* 14--私人通讯录 */,
				9233D3441EEE83B600D771F9 /* Products */,
			);
			sourceTree = "<group>";
		};
		9233D3441EEE83B600D771F9 /* Products */ = {
			isa = PBXGroup;
			children = (
				9233D3431EEE83B600D771F9 /* 14--私人通讯录.app */,
			);
			name = Products;
			sourceTree = "<group>";
		};
		9233D3451EEE83B600D771F9 /* 14--私人通讯录 */ = {
			isa = PBXGroup;
			children = (
				9233D3461EEE83B600D771F9 /* AppDelegate.swift */,
				9233D3591EEE891500D771F9 /* ListTableViewController.swift */,
				92675FD71EEE8C2E002BE435 /* DetailTableViewController.swift */,
				92DD776F1EEE94790020A8F9 /* Person.swift */,
				9233D34A1EEE83B600D771F9 /* Main.storyboard */,
				9233D34D1EEE83B600D771F9 /* Assets.xcassets */,
				9233D34F1EEE83B600D771F9 /* LaunchScreen.storyboard */,
				9233D3521EEE83B600D771F9 /* Info.plist */,
			);
			path = "14--私人通讯录";
			sourceTree = "<group>";
		};
/* End PBXGroup section */

/* Begin PBXNativeTarget section */
		9233D3421EEE83B600D771F9 /* 14--私人通讯录 */ = {
			isa = PBXNativeTarget;
			buildConfigurationList = 9233D3551EEE83B600D771F9 /* Build configuration list for PBXNativeTarget "14--私人通讯录" */;
			buildPhases = (
				9233D33F1EEE83B600D771F9 /* Sources */,
				9233D3401EEE83B600D771F9 /* Frameworks */,
				9233D3411EEE83B600D771F9 /* Resources */,
			);
			buildRules = (
			);
			dependencies = (
			);
			name = "14--私人通讯录";
			productName = "14--私人通讯录";
			productReference = 9233D3431EEE83B600D771F9 /* 14--私人通讯录.app */;
			productType = "com.apple.product-type.application";
		};
/* End PBXNativeTarget section */

/* Begin PBXProject section */
		9233D33B1EEE83B600D771F9 /* Project object */ = {
			isa = PBXProject;
			attributes = {
				LastSwiftUpdateCheck = 0820;
				LastUpgradeCheck = 0820;
				ORGANIZATIONNAME = dou;
				TargetAttributes = {
					9233D3421EEE83B600D771F9 = {
						CreatedOnToolsVersion = 8.2.1;
						ProvisioningStyle = Automatic;
					};
				};
			};
			buildConfigurationList = 9233D33E1EEE83B600D771F9 /* Build configuration list for PBXProject "14--私人通讯录" */;
			compatibilityVersion = "Xcode 3.2";
			developmentRegion = English;
			hasScannedForEncodings = 0;
			knownRegions = (
				en,
				Base,
			);
			mainGroup = 9233D33A1EEE83B600D771F9;
			productRefGroup = 9233D3441EEE83B600D771F9 /* Products */;
			projectDirPath = "";
			projectRoot = "";
			targets = (
				9233D3421EEE83B600D771F9 /* 14--私人通讯录 */,
			);
		};
/* End PBXProject section */

/* Begin PBXResourcesBuildPhase section */
		9233D3411EEE83B600D771F9 /* Resources */ = {
			isa = PBXResourcesBuildPhase;
			buildActionMask = 2147483647;
			files = (
				9233D3511EEE83B600D771F9 /* LaunchScreen.storyboard in Resources */,
				9233D34E1EEE83B600D771F9 /* Assets.xcassets in Resources */,
				9233D34C1EEE83B600D771F9 /* Main.storyboard in Resources */,
			);
			runOnlyForDeploymentPostprocessing = 0;
		};
/* End PBXResourcesBuildPhase section */

/* Begin PBXSourcesBuildPhase section */
		9233D33F1EEE83B600D771F9 /* Sources */ = {
			isa = PBXSourcesBuildPhase;
			buildActionMask = 2147483647;
			files = (
				92675FD81EEE8C2E002BE435 /* DetailTableViewController.swift in Sources */,
				9233D3471EEE83B600D771F9 /* AppDelegate.swift in Sources */,
				92DD77701EEE94790020A8F9 /* Person.swift in Sources */,
				9233D35A1EEE891500D771F9 /* ListTableViewController.swift in Sources */,
			);
			runOnlyForDeploymentPostprocessing = 0;
		};
/* End PBXSourcesBuildPhase section */

/* Begin PBXVariantGroup section */
		9233D34A1EEE83B600D771F9 /* Main.storyboard */ = {
			isa = PBXVariantGroup;
			children = (
				9233D34B1EEE83B600D771F9 /* Base */,
			);
			name = Main.storyboard;
			sourceTree = "<group>";
		};
		9233D34F1EEE83B600D771F9 /* LaunchScreen.storyboard */ = {
			isa = PBXVariantGroup;
			children = (
				9233D3501EEE83B600D771F9 /* Base */,
			);
			name = LaunchScreen.storyboard;
			sourceTree = "<group>";
		};
/* End PBXVariantGroup section */

/* Begin XCBuildConfiguration section */
		9233D3531EEE83B600D771F9 /* Debug */ = {
			isa = XCBuildConfiguration;
			buildSettings = {
				ALWAYS_SEARCH_USER_PATHS = NO;
				CLANG_ANALYZER_NONNULL = YES;
				CLANG_CXX_LANGUAGE_STANDARD = "gnu++0x";
				CLANG_CXX_LIBRARY = "libc++";
				CLANG_ENABLE_MODULES = YES;
				CLANG_ENABLE_OBJC_ARC = YES;
				CLANG_WARN_BOOL_CONVERSION = YES;
				CLANG_WARN_CONSTANT_CONVERSION = YES;
				CLANG_WARN_DIRECT_OBJC_ISA_USAGE = YES_ERROR;
				CLANG_WARN_DOCUMENTATION_COMMENTS = YES;
				CLANG_WARN_EMPTY_BODY = YES;
				CLANG_WARN_ENUM_CONVERSION = YES;
				CLANG_WARN_INFINITE_RECURSION = YES;
				CLANG_WARN_INT_CONVERSION = YES;
				CLANG_WARN_OBJC_ROOT_CLASS = YES_ERROR;
				CLANG_WARN_SUSPICIOUS_MOVE = YES;
				CLANG_WARN_UNREACHABLE_CODE = YES;
				CLANG_WARN__DUPLICATE_METHOD_MATCH = YES;
				"CODE_SIGN_IDENTITY[sdk=iphoneos*]" = "iPhone Developer";
				COPY_PHASE_STRIP = NO;
				DEBUG_INFORMATION_FORMAT = dwarf;
				ENABLE_STRICT_OBJC_MSGSEND = YES;
				ENABLE_TESTABILITY = YES;
				GCC_C_LANGUAGE_STANDARD = gnu99;
				GCC_DYNAMIC_NO_PIC = NO;
				GCC_NO_COMMON_BLOCKS = YES;
				GCC_OPTIMIZATION_LEVEL = 0;
				GCC_PREPROCESSOR_DEFINITIONS = (
					"DEBUG=1",
					"$(inherited)",
				);
				GCC_WARN_64_TO_32_BIT_CONVERSION = YES;
				GCC_WARN_ABOUT_RETURN_TYPE = YES_ERROR;
				GCC_WARN_UNDECLARED_SELECTOR = YES;
				GCC_WARN_UNINITIALIZED_AUTOS = YES_AGGRESSIVE;
				GCC_WARN_UNUSED_FUNCTION = YES;
				GCC_WARN_UNUSED_VARIABLE = YES;
				IPHONEOS_DEPLOYMENT_TARGET = 10.2;
				MTL_ENABLE_DEBUG_INFO = YES;
				ONLY_ACTIVE_ARCH = YES;
				SDKROOT = iphoneos;
				SWIFT_ACTIVE_COMPILATION_CONDITIONS = DEBUG;
				SWIFT_OPTIMIZATION_LEVEL = "-Onone";
				TARGETED_DEVICE_FAMILY = "1,2";
			};
			name = Debug;
		};
		9233D3541EEE83B600D771F9 /* Release */ = {
			isa = XCBuildConfiguration;
			buildSettings = {
				ALWAYS_SEARCH_USER_PATHS = NO;
				CLANG_ANALYZER_NONNULL = YES;
				CLANG_CXX_LANGUAGE_STANDARD = "gnu++0x";
				CLANG_CXX_LIBRARY = "libc++";
				CLANG_ENABLE_MODULES = YES;
				CLANG_ENABLE_OBJC_ARC = YES;
				CLANG_WARN_BOOL_CONVERSION = YES;
				CLANG_WARN_CONSTANT_CONVERSION = YES;
				CLANG_WARN_DIRECT_OBJC_ISA_USAGE = YES_ERROR;
				CLANG_WARN_DOCUMENTATION_COMMENTS = YES;
				CLANG_WARN_EMPTY_BODY = YES;
				CLANG_WARN_ENUM_CONVERSION = YES;
				CLANG_WARN_INFINITE_RECURSION = YES;
				CLANG_WARN_INT_CONVERSION = YES;
				CLANG_WARN_OBJC_ROOT_CLASS = YES_ERROR;
				CLANG_WARN_SUSPICIOUS_MOVE = YES;
				CLANG_WARN_UNREACHABLE_CODE = YES;
				CLANG_WARN__DUPLICATE_METHOD_MATCH = YES;
				"CODE_SIGN_IDENTITY[sdk=iphoneos*]" = "iPhone Developer";
				COPY_PHASE_STRIP = NO;
				DEBUG_INFORMATION_FORMAT = "dwarf-with-dsym";
				ENABLE_NS_ASSERTIONS = NO;
				ENABLE_STRICT_OBJC_MSGSEND = YES;
				GCC_C_LANGUAGE_STANDARD = gnu99;
				GCC_NO_COMMON_BLOCKS = YES;
				GCC_WARN_64_TO_32_BIT_CONVERSION = YES;
				GCC_WARN_ABOUT_RETURN_TYPE = YES_ERROR;
				GCC_WARN_UNDECLARED_SELECTOR = YES;
				GCC_WARN_UNINITIALIZED_AUTOS = YES_AGGRESSIVE;
				GCC_WARN_UNUSED_FUNCTION = YES;
				GCC_WARN_UNUSED_VARIABLE = YES;
				IPHONEOS_DEPLOYMENT_TARGET = 10.2;
				MTL_ENABLE_DEBUG_INFO = NO;
				SDKROOT = iphoneos;
				SWIFT_OPTIMIZATION_LEVEL = "-Owholemodule";
				TARGETED_DEVICE_FAMILY = "1,2";
				VALIDATE_PRODUCT = YES;
			};
			name = Release;
		};
		9233D3561EEE83B600D771F9 /* Debug */ = {
			isa = XCBuildConfiguration;
			buildSettings = {
				ASSETCATALOG_COMPILER_APPICON_NAME = AppIcon;
				INFOPLIST_FILE = "14--私人通讯录/Info.plist";
				LD_RUNPATH_SEARCH_PATHS = "$(inherited) @executable_path/Frameworks";
				PRODUCT_BUNDLE_IDENTIFIER = "com.cmcc.-4-------";
				PRODUCT_NAME = "$(TARGET_NAME)";
				SWIFT_VERSION = 3.0;
			};
			name = Debug;
		};
		9233D3571EEE83B600D771F9 /* Release */ = {
			isa = XCBuildConfiguration;
			buildSettings = {
				ASSETCATALOG_COMPILER_APPICON_NAME = AppIcon;
				INFOPLIST_FILE = "14--私人通讯录/Info.plist";
				LD_RUNPATH_SEARCH_PATHS = "$(inherited) @executable_path/Frameworks";
				PRODUCT_BUNDLE_IDENTIFIER = "com.cmcc.-4-------";
				PRODUCT_NAME = "$(TARGET_NAME)";
				SWIFT_VERSION = 3.0;
			};
			name = Release;
		};
/* End XCBuildConfiguration section */

/* Begin XCConfigurationList section */
		9233D33E1EEE83B600D771F9 /* Build configuration list for PBXProject "14--私人通讯录" */ = {
			isa = XCConfigurationList;
			buildConfigurations = (
				9233D3531EEE83B600D771F9 /* Debug */,
				9233D3541EEE83B600D771F9 /* Release */,
			);
			defaultConfigurationIsVisible = 0;
			defaultConfigurationName = Release;
		};
		9233D3551EEE83B600D771F9 /* Build configuration list for PBXNativeTarget "14--私人通讯录" */ = {
			isa = XCConfigurationList;
			buildConfigurations = (
				9233D3561EEE83B600D771F9 /* Debug */,
				9233D3571EEE83B600D771F9 /* Release */,
			);
			defaultConfigurationIsVisible = 0;
			defaultConfigurationName = Release;
		};
/* End XCConfigurationList section */
	};
	rootObject = 9233D33B1EEE83B600D771F9 /* Project object */;
}
