// !$*UTF8*$!
{
	archiveVersion = 1;
	classes = {
	};
	objectVersion = 46;
	objects = {

/* Begin PBXBuildFile section */
		92DA5B841ECED155006448F6 /* AppDelegate.swift in Sources */ = {isa = PBXBuildFile; fileRef = 92DA5B831ECED155006448F6 /* AppDelegate.swift */; };
		92DA5B861ECED155006448F6 /* ViewController.swift in Sources */ = {isa = PBXBuildFile; fileRef = 92DA5B851ECED155006448F6 /* ViewController.swift */; };
		92DA5B891ECED155006448F6 /* Main.storyboard in Resources */ = {isa = PBXBuildFile; fileRef = 92DA5B871ECED155006448F6 /* Main.storyboard */; };
		92DA5B8B1ECED155006448F6 /* Assets.xcassets in Resources */ = {isa = PBXBuildFile; fileRef = 92DA5B8A1ECED155006448F6 /* Assets.xcassets */; };
		92DA5B8E1ECED155006448F6 /* LaunchScreen.storyboard in Resources */ = {isa = PBXBuildFile; fileRef = 92DA5B8C1ECED155006448F6 /* LaunchScreen.storyboard */; };
/* End PBXBuildFile section */

/* Begin PBXFileReference section */
		92DA5B801ECED155006448F6 /* 数组练习.app */ = {isa = PBXFileReference; explicitFileType = wrapper.application; includeInIndex = 0; path = "数组练习.app"; sourceTree = BUILT_PRODUCTS_DIR; };
		92DA5B831ECED155006448F6 /* AppDelegate.swift */ = {isa = PBXFileReference; lastKnownFileType = sourcecode.swift; path = AppDelegate.swift; sourceTree = "<group>"; };
		92DA5B851ECED155006448F6 /* ViewController.swift */ = {isa = PBXFileReference; lastKnownFileType = sourcecode.swift; path = ViewController.swift; sourceTree = "<group>"; };
		92DA5B881ECED155006448F6 /* Base */ = {isa = PBXFileReference; lastKnownFileType = file.storyboard; name = Base; path = Base.lproj/Main.storyboard; sourceTree = "<group>"; };
		92DA5B8A1ECED155006448F6 /* Assets.xcassets */ = {isa = PBXFileReference; lastKnownFileType = folder.assetcatalog; path = Assets.xcassets; sourceTree = "<group>"; };
		92DA5B8D1ECED155006448F6 /* Base */ = {isa = PBXFileReference; lastKnownFileType = file.storyboard; name = Base; path = Base.lproj/LaunchScreen.storyboard; sourceTree = "<group>"; };
		92DA5B8F1ECED155006448F6 /* Info.plist */ = {isa = PBXFileReference; lastKnownFileType = text.plist.xml; path = Info.plist; sourceTree = "<group>"; };
/* End PBXFileReference section */

/* Begin PBXFrameworksBuildPhase section */
		92DA5B7D1ECED155006448F6 /* Frameworks */ = {
			isa = PBXFrameworksBuildPhase;
			buildActionMask = 2147483647;
			files = (
			);
			runOnlyForDeploymentPostprocessing = 0;
		};
/* End PBXFrameworksBuildPhase section */

/* Begin PBXGroup section */
		92DA5B771ECED155006448F6 = {
			isa = PBXGroup;
			children = (
				92DA5B821ECED155006448F6 /* 数组练习 */,
				92DA5B811ECED155006448F6 /* Products */,
			);
			sourceTree = "<group>";
		};
		92DA5B811ECED155006448F6 /* Products */ = {
			isa = PBXGroup;
			children = (
				92DA5B801ECED155006448F6 /* 数组练习.app */,
			);
			name = Products;
			sourceTree = "<group>";
		};
		92DA5B821ECED155006448F6 /* 数组练习 */ = {
			isa = PBXGroup;
			children = (
				92DA5B831ECED155006448F6 /* AppDelegate.swift */,
				92DA5B851ECED155006448F6 /* ViewController.swift */,
				92DA5B871ECED155006448F6 /* Main.storyboard */,
				92DA5B8A1ECED155006448F6 /* Assets.xcassets */,
				92DA5B8C1ECED155006448F6 /* LaunchScreen.storyboard */,
				92DA5B8F1ECED155006448F6 /* Info.plist */,
			);
			path = "数组练习";
			sourceTree = "<group>";
		};
/* End PBXGroup section */

/* Begin PBXNativeTarget section */
		92DA5B7F1ECED155006448F6 /* 数组练习 */ = {
			isa = PBXNativeTarget;
			buildConfigurationList = 92DA5B921ECED155006448F6 /* Build configuration list for PBXNativeTarget "数组练习" */;
			buildPhases = (
				92DA5B7C1ECED155006448F6 /* Sources */,
				92DA5B7D1ECED155006448F6 /* Frameworks */,
				92DA5B7E1ECED155006448F6 /* Resources */,
			);
			buildRules = (
			);
			dependencies = (
			);
			name = "数组练习";
			productName = "数组练习";
			productReference = 92DA5B801ECED155006448F6 /* 数组练习.app */;
			productType = "com.apple.product-type.application";
		};
/* End PBXNativeTarget section */

/* Begin PBXProject section */
		92DA5B781ECED155006448F6 /* Project object */ = {
			isa = PBXProject;
			attributes = {
				LastSwiftUpdateCheck = 0820;
				LastUpgradeCheck = 0820;
				ORGANIZATIONNAME = dou;
				TargetAttributes = {
					92DA5B7F1ECED155006448F6 = {
						CreatedOnToolsVersion = 8.2.1;
						ProvisioningStyle = Automatic;
					};
				};
			};
			buildConfigurationList = 92DA5B7B1ECED155006448F6 /* Build configuration list for PBXProject "数组练习" */;
			compatibilityVersion = "Xcode 3.2";
			developmentRegion = English;
			hasScannedForEncodings = 0;
			knownRegions = (
				en,
				Base,
			);
			mainGroup = 92DA5B771ECED155006448F6;
			productRefGroup = 92DA5B811ECED155006448F6 /* Products */;
			projectDirPath = "";
			projectRoot = "";
			targets = (
				92DA5B7F1ECED155006448F6 /* 数组练习 */,
			);
		};
/* End PBXProject section */

/* Begin PBXResourcesBuildPhase section */
		92DA5B7E1ECED155006448F6 /* Resources */ = {
			isa = PBXResourcesBuildPhase;
			buildActionMask = 2147483647;
			files = (
				92DA5B8E1ECED155006448F6 /* LaunchScreen.storyboard in Resources */,
				92DA5B8B1ECED155006448F6 /* Assets.xcassets in Resources */,
				92DA5B891ECED155006448F6 /* Main.storyboard in Resources */,
			);
			runOnlyForDeploymentPostprocessing = 0;
		};
/* End PBXResourcesBuildPhase section */

/* Begin PBXSourcesBuildPhase section */
		92DA5B7C1ECED155006448F6 /* Sources */ = {
			isa = PBXSourcesBuildPhase;
			buildActionMask = 2147483647;
			files = (
				92DA5B861ECED155006448F6 /* ViewController.swift in Sources */,
				92DA5B841ECED155006448F6 /* AppDelegate.swift in Sources */,
			);
			runOnlyForDeploymentPostprocessing = 0;
		};
/* End PBXSourcesBuildPhase section */

/* Begin PBXVariantGroup section */
		92DA5B871ECED155006448F6 /* Main.storyboard */ = {
			isa = PBXVariantGroup;
			children = (
				92DA5B881ECED155006448F6 /* Base */,
			);
			name = Main.storyboard;
			sourceTree = "<group>";
		};
		92DA5B8C1ECED155006448F6 /* LaunchScreen.storyboard */ = {
			isa = PBXVariantGroup;
			children = (
				92DA5B8D1ECED155006448F6 /* Base */,
			);
			name = LaunchScreen.storyboard;
			sourceTree = "<group>";
		};
/* End PBXVariantGroup section */

/* Begin XCBuildConfiguration section */
		92DA5B901ECED155006448F6 /* Debug */ = {
			isa = XCBuildConfiguration;
			buildSettings = {
				ALWAYS_SEARCH_USER_PATHS = NO;
				CLANG_ANALYZER_NONNULL = YES;
				CLANG_CXX_LANGUAGE_STANDARD = "gnu++0x";
				CLANG_CXX_LIBRARY = "libc++";
				CLANG_ENABLE_MODULES = YES;
				CLANG_ENABLE_OBJC_ARC = YES;
				CLANG_WARN_BOOL_CONVERSION = YES;
				CLANG_WARN_CONSTANT_CONVERSION = YES;
				CLANG_WARN_DIRECT_OBJC_ISA_USAGE = YES_ERROR;
				CLANG_WARN_DOCUMENTATION_COMMENTS = YES;
				CLANG_WARN_EMPTY_BODY = YES;
				CLANG_WARN_ENUM_CONVERSION = YES;
				CLANG_WARN_INFINITE_RECURSION = YES;
				CLANG_WARN_INT_CONVERSION = YES;
				CLANG_WARN_OBJC_ROOT_CLASS = YES_ERROR;
				CLANG_WARN_SUSPICIOUS_MOVE = YES;
				CLANG_WARN_UNREACHABLE_CODE = YES;
				CLANG_WARN__DUPLICATE_METHOD_MATCH = YES;
				"CODE_SIGN_IDENTITY[sdk=iphoneos*]" = "iPhone Developer";
				COPY_PHASE_STRIP = NO;
				DEBUG_INFORMATION_FORMAT = dwarf;
				ENABLE_STRICT_OBJC_MSGSEND = YES;
				ENABLE_TESTABILITY = YES;
				GCC_C_LANGUAGE_STANDARD = gnu99;
				GCC_DYNAMIC_NO_PIC = NO;
				GCC_NO_COMMON_BLOCKS = YES;
				GCC_OPTIMIZATION_LEVEL = 0;
				GCC_PREPROCESSOR_DEFINITIONS = (
					"DEBUG=1",
					"$(inherited)",
				);
				GCC_WARN_64_TO_32_BIT_CONVERSION = YES;
				GCC_WARN_ABOUT_RETURN_TYPE = YES_ERROR;
				GCC_WARN_UNDECLARED_SELECTOR = YES;
				GCC_WARN_UNINITIALIZED_AUTOS = YES_AGGRESSIVE;
				GCC_WARN_UNUSED_FUNCTION = YES;
				GCC_WARN_UNUSED_VARIABLE = YES;
				IPHONEOS_DEPLOYMENT_TARGET = 10.2;
				MTL_ENABLE_DEBUG_INFO = YES;
				ONLY_ACTIVE_ARCH = YES;
				SDKROOT = iphoneos;
				SWIFT_ACTIVE_COMPILATION_CONDITIONS = DEBUG;
				SWIFT_OPTIMIZATION_LEVEL = "-Onone";
				TARGETED_DEVICE_FAMILY = "1,2";
			};
			name = Debug;
		};
		92DA5B911ECED155006448F6 /* Release */ = {
			isa = XCBuildConfiguration;
			buildSettings = {
				ALWAYS_SEARCH_USER_PATHS = NO;
				CLANG_ANALYZER_NONNULL = YES;
				CLANG_CXX_LANGUAGE_STANDARD = "gnu++0x";
				CLANG_CXX_LIBRARY = "libc++";
				CLANG_ENABLE_MODULES = YES;
				CLANG_ENABLE_OBJC_ARC = YES;
				CLANG_WARN_BOOL_CONVERSION = YES;
				CLANG_WARN_CONSTANT_CONVERSION = YES;
				CLANG_WARN_DIRECT_OBJC_ISA_USAGE = YES_ERROR;
				CLANG_WARN_DOCUMENTATION_COMMENTS = YES;
				CLANG_WARN_EMPTY_BODY = YES;
				CLANG_WARN_ENUM_CONVERSION = YES;
				CLANG_WARN_INFINITE_RECURSION = YES;
				CLANG_WARN_INT_CONVERSION = YES;
				CLANG_WARN_OBJC_ROOT_CLASS = YES_ERROR;
				CLANG_WARN_SUSPICIOUS_MOVE = YES;
				CLANG_WARN_UNREACHABLE_CODE = YES;
				CLANG_WARN__DUPLICATE_METHOD_MATCH = YES;
				"CODE_SIGN_IDENTITY[sdk=iphoneos*]" = "iPhone Developer";
				COPY_PHASE_STRIP = NO;
				DEBUG_INFORMATION_FORMAT = "dwarf-with-dsym";
				ENABLE_NS_ASSERTIONS = NO;
				ENABLE_STRICT_OBJC_MSGSEND = YES;
				GCC_C_LANGUAGE_STANDARD = gnu99;
				GCC_NO_COMMON_BLOCKS = YES;
				GCC_WARN_64_TO_32_BIT_CONVERSION = YES;
				GCC_WARN_ABOUT_RETURN_TYPE = YES_ERROR;
				GCC_WARN_UNDECLARED_SELECTOR = YES;
				GCC_WARN_UNINITIALIZED_AUTOS = YES_AGGRESSIVE;
				GCC_WARN_UNUSED_FUNCTION = YES;
				GCC_WARN_UNUSED_VARIABLE = YES;
				IPHONEOS_DEPLOYMENT_TARGET = 10.2;
				MTL_ENABLE_DEBUG_INFO = NO;
				SDKROOT = iphoneos;
				SWIFT_OPTIMIZATION_LEVEL = "-Owholemodule";
				TARGETED_DEVICE_FAMILY = "1,2";
				VALIDATE_PRODUCT = YES;
			};
			name = Release;
		};
		92DA5B931ECED155006448F6 /* Debug */ = {
			isa = XCBuildConfiguration;
			buildSettings = {
				ASSETCATALOG_COMPILER_APPICON_NAME = AppIcon;
				INFOPLIST_FILE = "数组练习/Info.plist";
				LD_RUNPATH_SEARCH_PATHS = "$(inherited) @executable_path/Frameworks";
				PRODUCT_BUNDLE_IDENTIFIER = "com.cmcc.----";
				PRODUCT_NAME = "$(TARGET_NAME)";
				SWIFT_VERSION = 3.0;
			};
			name = Debug;
		};
		92DA5B941ECED155006448F6 /* Release */ = {
			isa = XCBuildConfiguration;
			buildSettings = {
				ASSETCATALOG_COMPILER_APPICON_NAME = AppIcon;
				INFOPLIST_FILE = "数组练习/Info.plist";
				LD_RUNPATH_SEARCH_PATHS = "$(inherited) @executable_path/Frameworks";
				PRODUCT_BUNDLE_IDENTIFIER = "com.cmcc.----";
				PRODUCT_NAME = "$(TARGET_NAME)";
				SWIFT_VERSION = 3.0;
			};
			name = Release;
		};
/* End XCBuildConfiguration section */

/* Begin XCConfigurationList section */
		92DA5B7B1ECED155006448F6 /* Build configuration list for PBXProject "数组练习" */ = {
			isa = XCConfigurationList;
			buildConfigurations = (
				92DA5B901ECED155006448F6 /* Debug */,
				92DA5B911ECED155006448F6 /* Release */,
			);
			defaultConfigurationIsVisible = 0;
			defaultConfigurationName = Release;
		};
		92DA5B921ECED155006448F6 /* Build configuration list for PBXNativeTarget "数组练习" */ = {
			isa = XCConfigurationList;
			buildConfigurations = (
				92DA5B931ECED155006448F6 /* Debug */,
				92DA5B941ECED155006448F6 /* Release */,
			);
			defaultConfigurationIsVisible = 0;
		};
/* End XCConfigurationList section */
	};
	rootObject = 92DA5B781ECED155006448F6 /* Project object */;
}
